{
	"name": "flex-plugins-api-client",
	"version": "4.0.1",
	"lockfileVersion": 1,
	"requires": true,
	"dependencies": {
		"@types/lodash": {
			"version": "4.14.162",
			"resolved": "https://registry.npmjs.org/@types/lodash/-/lodash-4.14.162.tgz",
			"integrity": "sha512-alvcho1kRUnnD1Gcl4J+hK0eencvzq9rmzvFPRmP5rPHx9VVsJj6bKLTATPVf9ktgv4ujzh7T+XWKp+jhuODig==",
			"dev": true
		},
		"@types/lodash.upperfirst": {
			"version": "4.3.6",
			"resolved": "https://registry.npmjs.org/@types/lodash.upperfirst/-/lodash.upperfirst-4.3.6.tgz",
			"integrity": "sha512-op4ctKkT1eD/Nt8MCPlN7O2IQrYWIcH1rOPHM86SKzbliLG50eVXM6+qzkdxtBV7DZb3W/1Up2+k43WK9F0Bgg==",
			"dev": true,
			"requires": {
				"@types/lodash": "*"
			}
		},
		"@types/url-join": {
			"version": "4.0.0",
			"resolved": "https://registry.npmjs.org/@types/url-join/-/url-join-4.0.0.tgz",
			"integrity": "sha512-awrJu8yML4E/xTwr2EMatC+HBnHGoDxc2+ImA9QyeUELI1S7dOCIZcyjki1rkwoA8P2D2NVgLAJLjnclkdLtAw==",
			"dev": true
		},
		"lodash.upperfirst": {
			"version": "4.3.1",
			"resolved": "https://registry.npmjs.org/lodash.upperfirst/-/lodash.upperfirst-4.3.1.tgz",
			"integrity": "sha1-E2Xt9DFIBIHvDRxolXpe2Z1J984="
		},
		"url-join": {
			"version": "4.0.1",
			"resolved": "https://registry.npmjs.org/url-join/-/url-join-4.0.1.tgz",
			"integrity": "sha512-jk1+QP6ZJqyOiuEI9AEWQfju/nB2Pw466kbA0LEZljHwKeMgd9WrAEgEGxjPDD2+TNbbb37rTyhEfrCXfuKXnA=="
		}
	}
}
