{
	"name": "@twilio/flex-plugins-utils-env",
	"version": "6.0.4",
	"lockfileVersion": 1,
	"requires": true,
	"dependencies": {
		"@types/lodash": {
			"version": "4.14.192",
			"resolved": "https://registry.npmjs.org/@types/lodash/-/lodash-4.14.192.tgz",
			"integrity": "sha512-km+Vyn3BYm5ytMO13k9KTp27O75rbQ0NFw+U//g+PX7VZyjCioXaRFisqSIJRECljcTv73G3i6BpglNGHgUQ5A=="
		},
		"@types/lodash.get": {
			"version": "4.4.7",
			"resolved": "https://registry.npmjs.org/@types/lodash.get/-/lodash.get-4.4.7.tgz",
			"integrity": "sha512-af34Mj+KdDeuzsJBxc/XeTtOx0SZHZNLd+hdrn+PcKGQs0EG2TJTzQAOTCZTgDJCArahlCzLWSy8c2w59JRz7Q==",
			"requires": {
				"@types/lodash": "*"
			}
		},
		"lodash.get": {
			"version": "4.4.2",
			"resolved": "https://registry.npmjs.org/lodash.get/-/lodash.get-4.4.2.tgz",
			"integrity": "sha512-z+Uw/vLuy6gQe8cfaFWD7p0wVv8fJl3mbzXh33RS+0oW2wvUqiRXiQ69gLWSLpgB5/6sU+r6BlQR0MBILadqTQ=="
		}
	}
}
